
Microsoft Visual Studio Solution File, Format Version 12.00
# Visual Studio Version 17
VisualStudioVersion = 17.4.33213.308
MinimumVisualStudioVersion = 10.0.40219.1
Project("{FAE04EC0-301F-11D3-BF4B-00C04F79EFBC}") = "ColorPicker", "ColorPicker\ColorPicker.csproj", "{8A89AF20-988D-4AED-898C-D9C0DC31CAF5}"
EndProject
Global
	GlobalSection(SolutionConfigurationPlatforms) = preSolution
		Debug|Any CPU = Debug|Any CPU
		Release|Any CPU = Release|Any CPU
	EndGlobalSection
	GlobalSection(ProjectConfigurationPlatforms) = postSolution
		{8A89AF20-988D-4AED-898C-D9C0DC31CAF5}.Debug|Any CPU.ActiveCfg = Debug|Any CPU
		{8A89AF20-988D-4AED-898C-D9C0DC31CAF5}.Debug|Any CPU.Build.0 = Debug|Any CPU
		{8A89AF20-988D-4AED-898C-D9C0DC31CAF5}.Release|Any CPU.ActiveCfg = Release|Any CPU
		{8A89AF20-988D-4AED-898C-D9C0DC31CAF5}.Release|Any CPU.Build.0 = Release|Any CPU
	EndGlobalSection
	GlobalSection(SolutionProperties) = preSolution
		HideSolutionNode = FALSE
	EndGlobalSection
	GlobalSection(ExtensibilityGlobals) = postSolution
		SolutionGuid = {B6774A51-4A22-4A67-A5FB-7D2357C88F96}
	EndGlobalSection
EndGlobal
